{
  "name": "@aegatlin/gin",
  "version": "0.2.5",
  "lockfileVersion": 2,
  "requires": true,
  "packages": {
    "": {
      "name": "@aegatlin/gin",
      "version": "0.2.5",
      "dependencies": {
        "commander": "^9.4.0"
      },
      "bin": {
        "gin": "index.js"
      },
      "devDependencies": {
        "prettier": "^2.7.1",
        "skooh": "^0.2.1"
      }
    },
    "node_modules/commander": {
      "version": "9.4.0",
      "resolved": "https://registry.npmjs.org/commander/-/commander-9.4.0.tgz",
      "integrity": "sha512-sRPT+umqkz90UA8M1yqYfnHlZA7fF6nSphDtxeywPZ49ysjxDQybzk13CL+mXekDRG92skbcqCLVovuCusNmFw==",
      "engines": {
        "node": "^12.20.0 || >=14"
      }
    },
    "node_modules/prettier": {
      "version": "2.7.1",
      "resolved": "https://registry.npmjs.org/prettier/-/prettier-2.7.1.tgz",
      "integrity": "sha512-ujppO+MkdPqoVINuDFDRLClm7D78qbDt0/NR+wp5FqEZOoTNAjPHWj17QRhu7geIHJfcNhRk1XVQmF8Bp3ye+g==",
      "dev": true,
      "bin": {
        "prettier": "bin-prettier.js"
      },
      "engines": {
        "node": ">=10.13.0"
      },
      "funding": {
        "url": "https://github.com/prettier/prettier?sponsor=1"
      }
    },
    "node_modules/skooh": {
      "version": "0.2.1",
      "resolved": "https://registry.npmjs.org/skooh/-/skooh-0.2.1.tgz",
      "integrity": "sha512-HXq4A9IeDR0TEpZtVhaaPjJcg4+dtsuupPCW8SebcavPaP1ZNHO9yygnJEX/1ytn7HnNxNwTKSN7csYOXPLFFQ==",
      "dev": true,
      "bin": {
        "skooh": "skooh.js"
      }
    }
  },
  "dependencies": {
    "commander": {
      "version": "9.4.0",
      "resolved": "https://registry.npmjs.org/commander/-/commander-9.4.0.tgz",
      "integrity": "sha512-sRPT+umqkz90UA8M1yqYfnHlZA7fF6nSphDtxeywPZ49ysjxDQybzk13CL+mXekDRG92skbcqCLVovuCusNmFw=="
    },
    "prettier": {
      "version": "2.7.1",
      "resolved": "https://registry.npmjs.org/prettier/-/prettier-2.7.1.tgz",
      "integrity": "sha512-ujppO+MkdPqoVINuDFDRLClm7D78qbDt0/NR+wp5FqEZOoTNAjPHWj17QRhu7geIHJfcNhRk1XVQmF8Bp3ye+g==",
      "dev": true
    },
    "skooh": {
      "version": "0.2.1",
      "resolved": "https://registry.npmjs.org/skooh/-/skooh-0.2.1.tgz",
      "integrity": "sha512-HXq4A9IeDR0TEpZtVhaaPjJcg4+dtsuupPCW8SebcavPaP1ZNHO9yygnJEX/1ytn7HnNxNwTKSN7csYOXPLFFQ==",
      "dev": true
    }
  }
}
